
Microsoft Visual Studio Solution File, Format Version 12.00
# Visual Studio Version 17
VisualStudioVersion = 17.4.33213.308
MinimumVisualStudioVersion = 10.0.40219.1
Project("{FAE04EC0-301F-11D3-BF4B-00C04F79EFBC}") = "AreaQuadradoRetangulo", "AreaQuadradoRetangulo\AreaQuadradoRetangulo.csproj", "{D180F140-730B-4F89-8123-20239EB0EDFB}"
EndProject
Project("{FAE04EC0-301F-11D3-BF4B-00C04F79EFBC}") = "InformacoesPessoa", "InformacoesPessoa\InformacoesPessoa\InformacoesPessoa.csproj", "{1DDB88BB-D0E6-453A-A72B-5A05B4C9B263}"
EndProject
Global
	GlobalSection(SolutionConfigurationPlatforms) = preSolution
		Debug|Any CPU = Debug|Any CPU
		Release|Any CPU = Release|Any CPU
	EndGlobalSection
	GlobalSection(ProjectConfigurationPlatforms) = postSolution
		{D180F140-730B-4F89-8123-20239EB0EDFB}.Debug|Any CPU.ActiveCfg = Debug|Any CPU
		{D180F140-730B-4F89-8123-20239EB0EDFB}.Debug|Any CPU.Build.0 = Debug|Any CPU
		{D180F140-730B-4F89-8123-20239EB0EDFB}.Release|Any CPU.ActiveCfg = Release|Any CPU
		{D180F140-730B-4F89-8123-20239EB0EDFB}.Release|Any CPU.Build.0 = Release|Any CPU
		{1DDB88BB-D0E6-453A-A72B-5A05B4C9B263}.Debug|Any CPU.ActiveCfg = Debug|Any CPU
		{1DDB88BB-D0E6-453A-A72B-5A05B4C9B263}.Debug|Any CPU.Build.0 = Debug|Any CPU
		{1DDB88BB-D0E6-453A-A72B-5A05B4C9B263}.Release|Any CPU.ActiveCfg = Release|Any CPU
		{1DDB88BB-D0E6-453A-A72B-5A05B4C9B263}.Release|Any CPU.Build.0 = Release|Any CPU
	EndGlobalSection
	GlobalSection(SolutionProperties) = preSolution
		HideSolutionNode = FALSE
	EndGlobalSection
	GlobalSection(ExtensibilityGlobals) = postSolution
		SolutionGuid = {B4F072C0-E78D-4E25-AA05-B0704320912E}
	EndGlobalSection
EndGlobal
