
Microsoft Visual Studio Solution File, Format Version 12.00
# Visual Studio Version 17
VisualStudioVersion = 17.4.33213.308
MinimumVisualStudioVersion = 10.0.40219.1
Project("{FAE04EC0-301F-11D3-BF4B-00C04F79EFBC}") = "ExemploConstrutor", "ExemploConstrutor\ExemploConstrutor.csproj", "{30FC1002-3E86-47CC-9DE0-865FDBA25BAA}"
EndProject
Global
	GlobalSection(SolutionConfigurationPlatforms) = preSolution
		Debug|Any CPU = Debug|Any CPU
		Release|Any CPU = Release|Any CPU
	EndGlobalSection
	GlobalSection(ProjectConfigurationPlatforms) = postSolution
		{30FC1002-3E86-47CC-9DE0-865FDBA25BAA}.Debug|Any CPU.ActiveCfg = Debug|Any CPU
		{30FC1002-3E86-47CC-9DE0-865FDBA25BAA}.Debug|Any CPU.Build.0 = Debug|Any CPU
		{30FC1002-3E86-47CC-9DE0-865FDBA25BAA}.Release|Any CPU.ActiveCfg = Release|Any CPU
		{30FC1002-3E86-47CC-9DE0-865FDBA25BAA}.Release|Any CPU.Build.0 = Release|Any CPU
	EndGlobalSection
	GlobalSection(SolutionProperties) = preSolution
		HideSolutionNode = FALSE
	EndGlobalSection
	GlobalSection(ExtensibilityGlobals) = postSolution
		SolutionGuid = {898F77AA-DFA6-4BE3-AFCB-C234E3976AEB}
	EndGlobalSection
EndGlobal
