
Microsoft Visual Studio Solution File, Format Version 12.00
# Visual Studio Version 17
VisualStudioVersion = 17.7.34024.191
MinimumVisualStudioVersion = 10.0.40219.1
Project("{FAE04EC0-301F-11D3-BF4B-00C04F79EFBC}") = "AlbumDeFotos", "AlbumDeFotos\AlbumDeFotos.csproj", "{723BD488-E705-4DB6-9772-3330CF080784}"
EndProject
Global
	GlobalSection(SolutionConfigurationPlatforms) = preSolution
		Debug|Any CPU = Debug|Any CPU
		Release|Any CPU = Release|Any CPU
	EndGlobalSection
	GlobalSection(ProjectConfigurationPlatforms) = postSolution
		{723BD488-E705-4DB6-9772-3330CF080784}.Debug|Any CPU.ActiveCfg = Debug|Any CPU
		{723BD488-E705-4DB6-9772-3330CF080784}.Debug|Any CPU.Build.0 = Debug|Any CPU
		{723BD488-E705-4DB6-9772-3330CF080784}.Release|Any CPU.ActiveCfg = Release|Any CPU
		{723BD488-E705-4DB6-9772-3330CF080784}.Release|Any CPU.Build.0 = Release|Any CPU
	EndGlobalSection
	GlobalSection(SolutionProperties) = preSolution
		HideSolutionNode = FALSE
	EndGlobalSection
	GlobalSection(ExtensibilityGlobals) = postSolution
		SolutionGuid = {B9DFA9CC-6476-426E-9ADB-4D93A5616F29}
	EndGlobalSection
EndGlobal
